
Microsoft Visual Studio Solution File, Format Version 12.00
# Visual Studio Version 17
VisualStudioVersion = 17.13.35931.197 d17.13
MinimumVisualStudioVersion = 10.0.40219.1
Project("{FAE04EC0-301F-11D3-BF4B-00C04F79EFBC}") = "MauiAppMinhasCompras", "MauiAppMinhasCompras\MauiAppMinhasCompras.csproj", "{6B98C0FC-52B6-40D9-8247-2516A2B1D737}"
EndProject
Global
	GlobalSection(SolutionConfigurationPlatforms) = preSolution
		Debug|Any CPU = Debug|Any CPU
		Release|Any CPU = Release|Any CPU
	EndGlobalSection
	GlobalSection(ProjectConfigurationPlatforms) = postSolution
		{6B98C0FC-52B6-40D9-8247-2516A2B1D737}.Debug|Any CPU.ActiveCfg = Debug|Any CPU
		{6B98C0FC-52B6-40D9-8247-2516A2B1D737}.Debug|Any CPU.Build.0 = Debug|Any CPU
		{6B98C0FC-52B6-40D9-8247-2516A2B1D737}.Release|Any CPU.ActiveCfg = Release|Any CPU
		{6B98C0FC-52B6-40D9-8247-2516A2B1D737}.Release|Any CPU.Build.0 = Release|Any CPU
	EndGlobalSection
	GlobalSection(SolutionProperties) = preSolution
		HideSolutionNode = FALSE
	EndGlobalSection
	GlobalSection(ExtensibilityGlobals) = postSolution
		SolutionGuid = {5955B74C-5BF1-404C-B769-068E5959C2C2}
	EndGlobalSection
EndGlobal
